// !$*UTF8*$!
{
	archiveVersion = 1;
	classes = {
	};
	objectVersion = 46;
	objects = {

/* Begin PBXBuildFile section */
		78C58B6019DA034600B11D2A /* main.cpp in Sources */ = {isa = PBXBuildFile; fileRef = 78C58B5F19DA034600B11D2A /* main.cpp */; };
/* End PBXBuildFile section */

/* Begin PBXCopyFilesBuildPhase section */
		78C58B5A19DA034600B11D2A /* CopyFiles */ = {
			isa = PBXCopyFilesBuildPhase;
			buildActionMask = 2147483647;
			dstPath = /usr/share/man/man1/;
			dstSubfolderSpec = 0;
			files = (
			);
			runOnlyForDeploymentPostprocessing = 1;
		};
/* End PBXCopyFilesBuildPhase section */

/* Begin PBXFileReference section */
		78C58B5C19DA034600B11D2A /* Stack-Yigin */ = {isa = PBXFileReference; explicitFileType = "compiled.mach-o.executable"; includeInIndex = 0; path = "Stack-Yigin"; sourceTree = BUILT_PRODUCTS_DIR; };
		78C58B5F19DA034600B11D2A /* main.cpp */ = {isa = PBXFileReference; lastKnownFileType = sourcecode.cpp.cpp; path = main.cpp; sourceTree = "<group>"; };
/* End PBXFileReference section */

/* Begin PBXFrameworksBuildPhase section */
		78C58B5919DA034600B11D2A /* Frameworks */ = {
			isa = PBXFrameworksBuildPhase;
			buildActionMask = 2147483647;
			files = (
			);
			runOnlyForDeploymentPostprocessing = 0;
		};
/* End PBXFrameworksBuildPhase section */

/* Begin PBXGroup section */
		78C58B5319DA034600B11D2A = {
			isa = PBXGroup;
			children = (
				78C58B5E19DA034600B11D2A /* Stack-Yigin */,
				78C58B5D19DA034600B11D2A /* Products */,
			);
			sourceTree = "<group>";
		};
		78C58B5D19DA034600B11D2A /* Products */ = {
			isa = PBXGroup;
			children = (
				78C58B5C19DA034600B11D2A /* Stack-Yigin */,
			);
			name = Products;
			sourceTree = "<group>";
		};
		78C58B5E19DA034600B11D2A /* Stack-Yigin */ = {
			isa = PBXGroup;
			children = (
				78C58B5F19DA034600B11D2A /* main.cpp */,
			);
			path = "Stack-Yigin";
			sourceTree = "<group>";
		};
/* End PBXGroup section */

/* Begin PBXNativeTarget section */
		78C58B5B19DA034600B11D2A /* Stack-Yigin */ = {
			isa = PBXNativeTarget;
			buildConfigurationList = 78C58B6319DA034600B11D2A /* Build configuration list for PBXNativeTarget "Stack-Yigin" */;
			buildPhases = (
				78C58B5819DA034600B11D2A /* Sources */,
				78C58B5919DA034600B11D2A /* Frameworks */,
				78C58B5A19DA034600B11D2A /* CopyFiles */,
			);
			buildRules = (
			);
			dependencies = (
			);
			name = "Stack-Yigin";
			productName = "Stack-Yigin";
			productReference = 78C58B5C19DA034600B11D2A /* Stack-Yigin */;
			productType = "com.apple.product-type.tool";
		};
/* End PBXNativeTarget section */

/* Begin PBXProject section */
		78C58B5419DA034600B11D2A /* Project object */ = {
			isa = PBXProject;
			attributes = {
				LastUpgradeCheck = 0600;
				ORGANIZATIONNAME = gormelof;
				TargetAttributes = {
					78C58B5B19DA034600B11D2A = {
						CreatedOnToolsVersion = 6.0;
					};
				};
			};
			buildConfigurationList = 78C58B5719DA034600B11D2A /* Build configuration list for PBXProject "Stack-Yigin" */;
			compatibilityVersion = "Xcode 3.2";
			developmentRegion = English;
			hasScannedForEncodings = 0;
			knownRegions = (
				en,
			);
			mainGroup = 78C58B5319DA034600B11D2A;
			productRefGroup = 78C58B5D19DA034600B11D2A /* Products */;
			projectDirPath = "";
			projectRoot = "";
			targets = (
				78C58B5B19DA034600B11D2A /* Stack-Yigin */,
			);
		};
/* End PBXProject section */

/* Begin PBXSourcesBuildPhase section */
		78C58B5819DA034600B11D2A /* Sources */ = {
			isa = PBXSourcesBuildPhase;
			buildActionMask = 2147483647;
			files = (
				78C58B6019DA034600B11D2A /* main.cpp in Sources */,
			);
			runOnlyForDeploymentPostprocessing = 0;
		};
/* End PBXSourcesBuildPhase section */

/* Begin XCBuildConfiguration section */
		78C58B6119DA034600B11D2A /* Debug */ = {
			isa = XCBuildConfiguration;
			buildSettings = {
				ALWAYS_SEARCH_USER_PATHS = NO;
				CLANG_CXX_LANGUAGE_STANDARD = "gnu++0x";
				CLANG_CXX_LIBRARY = "libc++";
				CLANG_ENABLE_MODULES = YES;
				CLANG_ENABLE_OBJC_ARC = YES;
				CLANG_WARN_BOOL_CONVERSION = YES;
				CLANG_WARN_CONSTANT_CONVERSION = YES;
				CLANG_WARN_DIRECT_OBJC_ISA_USAGE = YES_ERROR;
				CLANG_WARN_EMPTY_BODY = YES;
				CLANG_WARN_ENUM_CONVERSION = YES;
				CLANG_WARN_INT_CONVERSION = YES;
				CLANG_WARN_OBJC_ROOT_CLASS = YES_ERROR;
				CLANG_WARN_UNREACHABLE_CODE = YES;
				CLANG_WARN__DUPLICATE_METHOD_MATCH = YES;
				COPY_PHASE_STRIP = NO;
				ENABLE_STRICT_OBJC_MSGSEND = YES;
				GCC_C_LANGUAGE_STANDARD = gnu99;
				GCC_DYNAMIC_NO_PIC = NO;
				GCC_OPTIMIZATION_LEVEL = 0;
				GCC_PREPROCESSOR_DEFINITIONS = (
					"DEBUG=1",
					"$(inherited)",
				);
				GCC_SYMBOLS_PRIVATE_EXTERN = NO;
				GCC_WARN_64_TO_32_BIT_CONVERSION = YES;
				GCC_WARN_ABOUT_RETURN_TYPE = YES_ERROR;
				GCC_WARN_UNDECLARED_SELECTOR = YES;
				GCC_WARN_UNINITIALIZED_AUTOS = YES_AGGRESSIVE;
				GCC_WARN_UNUSED_FUNCTION = YES;
				GCC_WARN_UNUSED_VARIABLE = YES;
				MACOSX_DEPLOYMENT_TARGET = 10.10;
				MTL_ENABLE_DEBUG_INFO = YES;
				ONLY_ACTIVE_ARCH = YES;
				SDKROOT = macosx;
			};
			name = Debug;
		};
		78C58B6219DA034600B11D2A /* Release */ = {
			isa = XCBuildConfiguration;
			buildSettings = {
				ALWAYS_SEARCH_USER_PATHS = NO;
				CLANG_CXX_LANGUAGE_STANDARD = "gnu++0x";
				CLANG_CXX_LIBRARY = "libc++";
				CLANG_ENABLE_MODULES = YES;
				CLANG_ENABLE_OBJC_ARC = YES;
				CLANG_WARN_BOOL_CONVERSION = YES;
				CLANG_WARN_CONSTANT_CONVERSION = YES;
				CLANG_WARN_DIRECT_OBJC_ISA_USAGE = YES_ERROR;
				CLANG_WARN_EMPTY_BODY = YES;
				CLANG_WARN_ENUM_CONVERSION = YES;
				CLANG_WARN_INT_CONVERSION = YES;
				CLANG_WARN_OBJC_ROOT_CLASS = YES_ERROR;
				CLANG_WARN_UNREACHABLE_CODE = YES;
				CLANG_WARN__DUPLICATE_METHOD_MATCH = YES;
				COPY_PHASE_STRIP = YES;
				DEBUG_INFORMATION_FORMAT = "dwarf-with-dsym";
				ENABLE_NS_ASSERTIONS = NO;
				ENABLE_STRICT_OBJC_MSGSEND = YES;
				GCC_C_LANGUAGE_STANDARD = gnu99;
				GCC_WARN_64_TO_32_BIT_CONVERSION = YES;
				GCC_WARN_ABOUT_RETURN_TYPE = YES_ERROR;
				GCC_WARN_UNDECLARED_SELECTOR = YES;
				GCC_WARN_UNINITIALIZED_AUTOS = YES_AGGRESSIVE;
				GCC_WARN_UNUSED_FUNCTION = YES;
				GCC_WARN_UNUSED_VARIABLE = YES;
				MACOSX_DEPLOYMENT_TARGET = 10.10;
				MTL_ENABLE_DEBUG_INFO = NO;
				SDKROOT = macosx;
			};
			name = Release;
		};
		78C58B6419DA034600B11D2A /* Debug */ = {
			isa = XCBuildConfiguration;
			buildSettings = {
				PRODUCT_NAME = "$(TARGET_NAME)";
			};
			name = Debug;
		};
		78C58B6519DA034600B11D2A /* Release */ = {
			isa = XCBuildConfiguration;
			buildSettings = {
				PRODUCT_NAME = "$(TARGET_NAME)";
			};
			name = Release;
		};
/* End XCBuildConfiguration section */

/* Begin XCConfigurationList section */
		78C58B5719DA034600B11D2A /* Build configuration list for PBXProject "Stack-Yigin" */ = {
			isa = XCConfigurationList;
			buildConfigurations = (
				78C58B6119DA034600B11D2A /* Debug */,
				78C58B6219DA034600B11D2A /* Release */,
			);
			defaultConfigurationIsVisible = 0;
			defaultConfigurationName = Release;
		};
		78C58B6319DA034600B11D2A /* Build configuration list for PBXNativeTarget "Stack-Yigin" */ = {
			isa = XCConfigurationList;
			buildConfigurations = (
				78C58B6419DA034600B11D2A /* Debug */,
				78C58B6519DA034600B11D2A /* Release */,
			);
			defaultConfigurationIsVisible = 0;
		};
/* End XCConfigurationList section */
	};
	rootObject = 78C58B5419DA034600B11D2A /* Project object */;
}
